
Microsoft Visual Studio Solution File, Format Version 12.00
# Visual Studio 15
VisualStudioVersion = 15.0.28307.106
MinimumVisualStudioVersion = 10.0.40219.1
Project("{DA7A21FA-8162-4350-AD77-A8D1B671F3ED}") = "RProject1", "RProject1\RProject1.rxproj", "{DB436C33-2C92-4178-9216-F2DECDF5A03E}"
EndProject
Global
	GlobalSection(SolutionConfigurationPlatforms) = preSolution
		Debug|Any CPU = Debug|Any CPU
		Release|Any CPU = Release|Any CPU
	EndGlobalSection
	GlobalSection(ProjectConfigurationPlatforms) = postSolution
		{DB436C33-2C92-4178-9216-F2DECDF5A03E}.Debug|Any CPU.ActiveCfg = Debug|Any CPU
		{DB436C33-2C92-4178-9216-F2DECDF5A03E}.Debug|Any CPU.Build.0 = Debug|Any CPU
		{DB436C33-2C92-4178-9216-F2DECDF5A03E}.Release|Any CPU.ActiveCfg = Release|Any CPU
		{DB436C33-2C92-4178-9216-F2DECDF5A03E}.Release|Any CPU.Build.0 = Release|Any CPU
	EndGlobalSection
	GlobalSection(SolutionProperties) = preSolution
		HideSolutionNode = FALSE
	EndGlobalSection
	GlobalSection(ExtensibilityGlobals) = postSolution
		SolutionGuid = {1CE9F45B-F029-43E6-9B3C-30F785A7BBB2}
	EndGlobalSection
EndGlobal
